
Microsoft Visual Studio Solution File, Format Version 12.00
# Visual Studio Version 17
VisualStudioVersion = 17.4.33205.214
MinimumVisualStudioVersion = 10.0.40219.1
Project("{FAE04EC0-301F-11D3-BF4B-00C04F79EFBC}") = "TODOGO", "TODOGO\TODOGO.csproj", "{4E20068A-E073-45BA-85BA-20925D98EFC7}"
EndProject
Global
	GlobalSection(SolutionConfigurationPlatforms) = preSolution
		Debug|Any CPU = Debug|Any CPU
		Release|Any CPU = Release|Any CPU
	EndGlobalSection
	GlobalSection(ProjectConfigurationPlatforms) = postSolution
		{4E20068A-E073-45BA-85BA-20925D98EFC7}.Debug|Any CPU.ActiveCfg = Debug|Any CPU
		{4E20068A-E073-45BA-85BA-20925D98EFC7}.Debug|Any CPU.Build.0 = Debug|Any CPU
		{4E20068A-E073-45BA-85BA-20925D98EFC7}.Release|Any CPU.ActiveCfg = Release|Any CPU
		{4E20068A-E073-45BA-85BA-20925D98EFC7}.Release|Any CPU.Build.0 = Release|Any CPU
	EndGlobalSection
	GlobalSection(SolutionProperties) = preSolution
		HideSolutionNode = FALSE
	EndGlobalSection
	GlobalSection(ExtensibilityGlobals) = postSolution
		SolutionGuid = {A1FDA75E-EEC9-40A2-80E1-FD1A24EDA88E}
	EndGlobalSection
EndGlobal
